# This is a Gradle generated file for dependency locking.
# Manual edits can break the build and are not advised.
# This file is expected to be part of source control.
javax.servlet:javax.servlet-api:3.1.0=compileClasspath,default,runtimeClasspath,testCompileClasspath,testRuntimeClasspath
org.eclipse.jetty:jetty-http:9.4.31.v20200723=compileClasspath,default,runtimeClasspath,testCompileClasspath,testRuntimeClasspath
org.eclipse.jetty:jetty-io:9.4.31.v20200723=compileClasspath,default,runtimeClasspath,testCompileClasspath,testRuntimeClasspath
org.eclipse.jetty:jetty-security:9.4.31.v20200723=compileClasspath,default,runtimeClasspath,testCompileClasspath,testRuntimeClasspath
org.eclipse.jetty:jetty-server:9.4.31.v20200723=compileClasspath,default,runtimeClasspath,testCompileClasspath,testRuntimeClasspath
org.eclipse.jetty:jetty-servlet:9.4.31.v20200723=compileClasspath,default,runtimeClasspath,testCompileClasspath,testRuntimeClasspath
org.eclipse.jetty:jetty-util:9.4.31.v20200723=compileClasspath,default,runtimeClasspath,testCompileClasspath,testRuntimeClasspath
empty=annotationProcessor,archives,compile,compileOnly,runtime,testAnnotationProcessor,testCompile,testCompileOnly,testRuntime
